{
  "name": "sharedWalletApp-backend",
  "lockfileVersion": 2,
  "requires": true,
  "packages": {
    "": {
      "dependencies": {
        "hono": "^4.7.10"
      }
    },
    "node_modules/hono": {
      "version": "4.7.10",
      "resolved": "https://registry.npmjs.org/hono/-/hono-4.7.10.tgz",
      "integrity": "sha512-QkACju9MiN59CKSY5JsGZCYmPZkA6sIW6OFCUp7qDjZu6S6KHtJHhAc9Uy9mV9F8PJ1/HQ3ybZF2yjCa/73fvQ==",
      "engines": {
        "node": ">=16.9.0"
      }
    }
  },
  "dependencies": {
    "hono": {
      "version": "4.7.10",
      "resolved": "https://registry.npmjs.org/hono/-/hono-4.7.10.tgz",
      "integrity": "sha512-QkACju9MiN59CKSY5JsGZCYmPZkA6sIW6OFCUp7qDjZu6S6KHtJHhAc9Uy9mV9F8PJ1/HQ3ybZF2yjCa/73fvQ=="
    }
  }
}
